
Microsoft Visual Studio Solution File, Format Version 12.00
# Visual Studio Version 17
VisualStudioVersion = 17.8.34511.84
MinimumVisualStudioVersion = 10.0.40219.1
Project("{FAE04EC0-301F-11D3-BF4B-00C04F79EFBC}") = "TaxCalculatorAPI", "TaxCalculatorAPI\TaxCalculatorAPI.csproj", "{565B5394-B897-4F4C-A444-505654DC5CAA}"
EndProject
Project("{FAE04EC0-301F-11D3-BF4B-00C04F79EFBC}") = "TaxCalculator.Tests", "TaxCalculator.Tests\TaxCalculator.Tests.csproj", "{48FF42BD-7EA6-4751-A740-0C6830574EA1}"
EndProject
Global
	GlobalSection(SolutionConfigurationPlatforms) = preSolution
		Debug|Any CPU = Debug|Any CPU
		Release|Any CPU = Release|Any CPU
	EndGlobalSection
	GlobalSection(ProjectConfigurationPlatforms) = postSolution
		{565B5394-B897-4F4C-A444-505654DC5CAA}.Debug|Any CPU.ActiveCfg = Debug|Any CPU
		{565B5394-B897-4F4C-A444-505654DC5CAA}.Debug|Any CPU.Build.0 = Debug|Any CPU
		{565B5394-B897-4F4C-A444-505654DC5CAA}.Release|Any CPU.ActiveCfg = Release|Any CPU
		{565B5394-B897-4F4C-A444-505654DC5CAA}.Release|Any CPU.Build.0 = Release|Any CPU
		{48FF42BD-7EA6-4751-A740-0C6830574EA1}.Debug|Any CPU.ActiveCfg = Debug|Any CPU
		{48FF42BD-7EA6-4751-A740-0C6830574EA1}.Debug|Any CPU.Build.0 = Debug|Any CPU
		{48FF42BD-7EA6-4751-A740-0C6830574EA1}.Release|Any CPU.ActiveCfg = Release|Any CPU
		{48FF42BD-7EA6-4751-A740-0C6830574EA1}.Release|Any CPU.Build.0 = Release|Any CPU
	EndGlobalSection
	GlobalSection(SolutionProperties) = preSolution
		HideSolutionNode = FALSE
	EndGlobalSection
	GlobalSection(ExtensibilityGlobals) = postSolution
		SolutionGuid = {CF28AA57-140F-4FA5-9F13-D0D2293F16A7}
	EndGlobalSection
EndGlobal
